// !$*UTF8*$!
{
	archiveVersion = 1;
	classes = {
	};
	objectVersion = 48;
	objects = {

/* Begin PBXBuildFile section */
		52663FF721A52D39006812F0 /* main.c in Sources */ = {isa = PBXBuildFile; fileRef = 52663FF621A52D39006812F0 /* main.c */; };
		52663FFF21A534BB006812F0 /* libglfw.3.2.dylib in Frameworks */ = {isa = PBXBuildFile; fileRef = 52663FFE21A534BB006812F0 /* libglfw.3.2.dylib */; };
		5266400121A53E88006812F0 /* OpenGL.framework in Frameworks */ = {isa = PBXBuildFile; fileRef = 5266400021A53E87006812F0 /* OpenGL.framework */; };
		5266400321A53FE8006812F0 /* glad.c in Sources */ = {isa = PBXBuildFile; fileRef = 5266400221A53FE7006812F0 /* glad.c */; };
		5266400621A59270006812F0 /* libglmc.a in Frameworks */ = {isa = PBXBuildFile; fileRef = 5266400521A59270006812F0 /* libglmc.a */; };
		5266400B21A5984A006812F0 /* shader.c in Sources */ = {isa = PBXBuildFile; fileRef = 5266400A21A5984A006812F0 /* shader.c */; };
		5286489B21A655FD007E4114 /* fshader.frag in CopyFiles */ = {isa = PBXBuildFile; fileRef = 5266400D21A61DCE006812F0 /* fshader.frag */; };
		5286489C21A65602007E4114 /* vshader.vert in CopyFiles */ = {isa = PBXBuildFile; fileRef = 5266400C21A61DAE006812F0 /* vshader.vert */; };
/* End PBXBuildFile section */

/* Begin PBXCopyFilesBuildPhase section */
		52663FF121A52D39006812F0 /* CopyFiles */ = {
			isa = PBXCopyFilesBuildPhase;
			buildActionMask = 12;
			dstPath = "";
			dstSubfolderSpec = 16;
			files = (
				5286489C21A65602007E4114 /* vshader.vert in CopyFiles */,
				5286489B21A655FD007E4114 /* fshader.frag in CopyFiles */,
			);
			runOnlyForDeploymentPostprocessing = 0;
		};
/* End PBXCopyFilesBuildPhase section */

/* Begin PBXFileReference section */
		52663FF321A52D39006812F0 /* GLtut5 */ = {isa = PBXFileReference; explicitFileType = "compiled.mach-o.executable"; includeInIndex = 0; path = GLtut5; sourceTree = BUILT_PRODUCTS_DIR; };
		52663FF621A52D39006812F0 /* main.c */ = {isa = PBXFileReference; lastKnownFileType = sourcecode.c.c; path = main.c; sourceTree = "<group>"; };
		52663FFE21A534BB006812F0 /* libglfw.3.2.dylib */ = {isa = PBXFileReference; lastKnownFileType = "compiled.mach-o.dylib"; name = libglfw.3.2.dylib; path = ../../../../../../usr/local/Cellar/glfw/3.2.1/lib/libglfw.3.2.dylib; sourceTree = "<group>"; };
		5266400021A53E87006812F0 /* OpenGL.framework */ = {isa = PBXFileReference; lastKnownFileType = wrapper.framework; name = OpenGL.framework; path = System/Library/Frameworks/OpenGL.framework; sourceTree = SDKROOT; };
		5266400221A53FE7006812F0 /* glad.c */ = {isa = PBXFileReference; lastKnownFileType = sourcecode.c.c; path = glad.c; sourceTree = "<group>"; };
		5266400421A591F9006812F0 /* stb_image.h */ = {isa = PBXFileReference; lastKnownFileType = sourcecode.c.h; path = stb_image.h; sourceTree = "<group>"; };
		5266400521A59270006812F0 /* libglmc.a */ = {isa = PBXFileReference; lastKnownFileType = archive.ar; name = libglmc.a; path = ../../OpenGLStuff/glmc/libglmc.a; sourceTree = "<group>"; };
		5266400921A597FC006812F0 /* shader.h */ = {isa = PBXFileReference; lastKnownFileType = sourcecode.c.h; name = shader.h; path = ../../OpenGLStuff/shader.h; sourceTree = "<group>"; };
		5266400A21A5984A006812F0 /* shader.c */ = {isa = PBXFileReference; lastKnownFileType = sourcecode.c.c; name = shader.c; path = ../../OpenGLStuff/shader.c; sourceTree = "<group>"; };
		5266400C21A61DAE006812F0 /* vshader.vert */ = {isa = PBXFileReference; lastKnownFileType = sourcecode.glsl; path = vshader.vert; sourceTree = "<group>"; };
		5266400D21A61DCE006812F0 /* fshader.frag */ = {isa = PBXFileReference; lastKnownFileType = sourcecode.glsl; path = fshader.frag; sourceTree = "<group>"; };
/* End PBXFileReference section */

/* Begin PBXFrameworksBuildPhase section */
		52663FF021A52D39006812F0 /* Frameworks */ = {
			isa = PBXFrameworksBuildPhase;
			buildActionMask = 2147483647;
			files = (
				5266400621A59270006812F0 /* libglmc.a in Frameworks */,
				5266400121A53E88006812F0 /* OpenGL.framework in Frameworks */,
				52663FFF21A534BB006812F0 /* libglfw.3.2.dylib in Frameworks */,
			);
			runOnlyForDeploymentPostprocessing = 0;
		};
/* End PBXFrameworksBuildPhase section */

/* Begin PBXGroup section */
		52663FEA21A52D39006812F0 = {
			isa = PBXGroup;
			children = (
				5266400D21A61DCE006812F0 /* fshader.frag */,
				5266400A21A5984A006812F0 /* shader.c */,
				5266400221A53FE7006812F0 /* glad.c */,
				5266400C21A61DAE006812F0 /* vshader.vert */,
				5266400921A597FC006812F0 /* shader.h */,
				5266400421A591F9006812F0 /* stb_image.h */,
				52663FF521A52D39006812F0 /* GLtut5 */,
				52663FF421A52D39006812F0 /* Products */,
				52663FFD21A534BA006812F0 /* Frameworks */,
			);
			sourceTree = "<group>";
		};
		52663FF421A52D39006812F0 /* Products */ = {
			isa = PBXGroup;
			children = (
				52663FF321A52D39006812F0 /* GLtut5 */,
			);
			name = Products;
			sourceTree = "<group>";
		};
		52663FF521A52D39006812F0 /* GLtut5 */ = {
			isa = PBXGroup;
			children = (
				52663FF621A52D39006812F0 /* main.c */,
			);
			path = GLtut5;
			sourceTree = "<group>";
		};
		52663FFD21A534BA006812F0 /* Frameworks */ = {
			isa = PBXGroup;
			children = (
				5266400521A59270006812F0 /* libglmc.a */,
				5266400021A53E87006812F0 /* OpenGL.framework */,
				52663FFE21A534BB006812F0 /* libglfw.3.2.dylib */,
			);
			name = Frameworks;
			sourceTree = "<group>";
		};
/* End PBXGroup section */

/* Begin PBXNativeTarget section */
		52663FF221A52D39006812F0 /* GLtut5 */ = {
			isa = PBXNativeTarget;
			buildConfigurationList = 52663FFA21A52D39006812F0 /* Build configuration list for PBXNativeTarget "GLtut5" */;
			buildPhases = (
				52663FEF21A52D39006812F0 /* Sources */,
				52663FF021A52D39006812F0 /* Frameworks */,
				52663FF121A52D39006812F0 /* CopyFiles */,
			);
			buildRules = (
			);
			dependencies = (
			);
			name = GLtut5;
			productName = GLtut5;
			productReference = 52663FF321A52D39006812F0 /* GLtut5 */;
			productType = "com.apple.product-type.tool";
		};
/* End PBXNativeTarget section */

/* Begin PBXProject section */
		52663FEB21A52D39006812F0 /* Project object */ = {
			isa = PBXProject;
			attributes = {
				LastUpgradeCheck = 0920;
				ORGANIZATIONNAME = "Adenike Adeyemi";
				TargetAttributes = {
					52663FF221A52D39006812F0 = {
						CreatedOnToolsVersion = 9.2;
						ProvisioningStyle = Automatic;
					};
				};
			};
			buildConfigurationList = 52663FEE21A52D39006812F0 /* Build configuration list for PBXProject "GLtut5" */;
			compatibilityVersion = "Xcode 8.0";
			developmentRegion = en;
			hasScannedForEncodings = 0;
			knownRegions = (
				en,
			);
			mainGroup = 52663FEA21A52D39006812F0;
			productRefGroup = 52663FF421A52D39006812F0 /* Products */;
			projectDirPath = "";
			projectRoot = "";
			targets = (
				52663FF221A52D39006812F0 /* GLtut5 */,
			);
		};
/* End PBXProject section */

/* Begin PBXSourcesBuildPhase section */
		52663FEF21A52D39006812F0 /* Sources */ = {
			isa = PBXSourcesBuildPhase;
			buildActionMask = 2147483647;
			files = (
				5266400B21A5984A006812F0 /* shader.c in Sources */,
				5266400321A53FE8006812F0 /* glad.c in Sources */,
				52663FF721A52D39006812F0 /* main.c in Sources */,
			);
			runOnlyForDeploymentPostprocessing = 0;
		};
/* End PBXSourcesBuildPhase section */

/* Begin XCBuildConfiguration section */
		52663FF821A52D39006812F0 /* Debug */ = {
			isa = XCBuildConfiguration;
			buildSettings = {
				ALWAYS_SEARCH_USER_PATHS = NO;
				CLANG_ANALYZER_NONNULL = YES;
				CLANG_ANALYZER_NUMBER_OBJECT_CONVERSION = YES_AGGRESSIVE;
				CLANG_CXX_LANGUAGE_STANDARD = "gnu++14";
				CLANG_CXX_LIBRARY = "libc++";
				CLANG_ENABLE_MODULES = YES;
				CLANG_ENABLE_OBJC_ARC = YES;
				CLANG_WARN_BLOCK_CAPTURE_AUTORELEASING = YES;
				CLANG_WARN_BOOL_CONVERSION = YES;
				CLANG_WARN_COMMA = YES;
				CLANG_WARN_CONSTANT_CONVERSION = YES;
				CLANG_WARN_DIRECT_OBJC_ISA_USAGE = YES_ERROR;
				CLANG_WARN_DOCUMENTATION_COMMENTS = YES;
				CLANG_WARN_EMPTY_BODY = YES;
				CLANG_WARN_ENUM_CONVERSION = YES;
				CLANG_WARN_INFINITE_RECURSION = YES;
				CLANG_WARN_INT_CONVERSION = YES;
				CLANG_WARN_NON_LITERAL_NULL_CONVERSION = YES;
				CLANG_WARN_OBJC_LITERAL_CONVERSION = YES;
				CLANG_WARN_OBJC_ROOT_CLASS = YES_ERROR;
				CLANG_WARN_RANGE_LOOP_ANALYSIS = YES;
				CLANG_WARN_STRICT_PROTOTYPES = YES;
				CLANG_WARN_SUSPICIOUS_MOVE = YES;
				CLANG_WARN_UNGUARDED_AVAILABILITY = YES_AGGRESSIVE;
				CLANG_WARN_UNREACHABLE_CODE = YES;
				CLANG_WARN__DUPLICATE_METHOD_MATCH = YES;
				CODE_SIGN_IDENTITY = "-";
				COPY_PHASE_STRIP = NO;
				DEBUG_INFORMATION_FORMAT = dwarf;
				ENABLE_STRICT_OBJC_MSGSEND = YES;
				ENABLE_TESTABILITY = YES;
				GCC_C_LANGUAGE_STANDARD = gnu11;
				GCC_DYNAMIC_NO_PIC = NO;
				GCC_NO_COMMON_BLOCKS = YES;
				GCC_OPTIMIZATION_LEVEL = 0;
				GCC_PREPROCESSOR_DEFINITIONS = (
					"DEBUG=1",
					"$(inherited)",
				);
				GCC_WARN_64_TO_32_BIT_CONVERSION = YES;
				GCC_WARN_ABOUT_RETURN_TYPE = YES_ERROR;
				GCC_WARN_UNDECLARED_SELECTOR = YES;
				GCC_WARN_UNINITIALIZED_AUTOS = YES_AGGRESSIVE;
				GCC_WARN_UNUSED_FUNCTION = YES;
				GCC_WARN_UNUSED_VARIABLE = YES;
				MACOSX_DEPLOYMENT_TARGET = 10.12;
				MTL_ENABLE_DEBUG_INFO = YES;
				ONLY_ACTIVE_ARCH = YES;
				SDKROOT = macosx;
			};
			name = Debug;
		};
		52663FF921A52D39006812F0 /* Release */ = {
			isa = XCBuildConfiguration;
			buildSettings = {
				ALWAYS_SEARCH_USER_PATHS = NO;
				CLANG_ANALYZER_NONNULL = YES;
				CLANG_ANALYZER_NUMBER_OBJECT_CONVERSION = YES_AGGRESSIVE;
				CLANG_CXX_LANGUAGE_STANDARD = "gnu++14";
				CLANG_CXX_LIBRARY = "libc++";
				CLANG_ENABLE_MODULES = YES;
				CLANG_ENABLE_OBJC_ARC = YES;
				CLANG_WARN_BLOCK_CAPTURE_AUTORELEASING = YES;
				CLANG_WARN_BOOL_CONVERSION = YES;
				CLANG_WARN_COMMA = YES;
				CLANG_WARN_CONSTANT_CONVERSION = YES;
				CLANG_WARN_DIRECT_OBJC_ISA_USAGE = YES_ERROR;
				CLANG_WARN_DOCUMENTATION_COMMENTS = YES;
				CLANG_WARN_EMPTY_BODY = YES;
				CLANG_WARN_ENUM_CONVERSION = YES;
				CLANG_WARN_INFINITE_RECURSION = YES;
				CLANG_WARN_INT_CONVERSION = YES;
				CLANG_WARN_NON_LITERAL_NULL_CONVERSION = YES;
				CLANG_WARN_OBJC_LITERAL_CONVERSION = YES;
				CLANG_WARN_OBJC_ROOT_CLASS = YES_ERROR;
				CLANG_WARN_RANGE_LOOP_ANALYSIS = YES;
				CLANG_WARN_STRICT_PROTOTYPES = YES;
				CLANG_WARN_SUSPICIOUS_MOVE = YES;
				CLANG_WARN_UNGUARDED_AVAILABILITY = YES_AGGRESSIVE;
				CLANG_WARN_UNREACHABLE_CODE = YES;
				CLANG_WARN__DUPLICATE_METHOD_MATCH = YES;
				CODE_SIGN_IDENTITY = "-";
				COPY_PHASE_STRIP = NO;
				DEBUG_INFORMATION_FORMAT = "dwarf-with-dsym";
				ENABLE_NS_ASSERTIONS = NO;
				ENABLE_STRICT_OBJC_MSGSEND = YES;
				GCC_C_LANGUAGE_STANDARD = gnu11;
				GCC_NO_COMMON_BLOCKS = YES;
				GCC_WARN_64_TO_32_BIT_CONVERSION = YES;
				GCC_WARN_ABOUT_RETURN_TYPE = YES_ERROR;
				GCC_WARN_UNDECLARED_SELECTOR = YES;
				GCC_WARN_UNINITIALIZED_AUTOS = YES_AGGRESSIVE;
				GCC_WARN_UNUSED_FUNCTION = YES;
				GCC_WARN_UNUSED_VARIABLE = YES;
				MACOSX_DEPLOYMENT_TARGET = 10.12;
				MTL_ENABLE_DEBUG_INFO = NO;
				SDKROOT = macosx;
			};
			name = Release;
		};
		52663FFB21A52D39006812F0 /* Debug */ = {
			isa = XCBuildConfiguration;
			buildSettings = {
				CODE_SIGN_STYLE = Automatic;
				HEADER_SEARCH_PATHS = /usr/local/include;
				LIBRARY_SEARCH_PATHS = (
					"$(inherited)",
					../../OpenGLStuff/glmc,
					/usr/local/Cellar/glfw/3.2.1/lib,
				);
				PRODUCT_NAME = "$(TARGET_NAME)";
			};
			name = Debug;
		};
		52663FFC21A52D39006812F0 /* Release */ = {
			isa = XCBuildConfiguration;
			buildSettings = {
				CODE_SIGN_STYLE = Automatic;
				HEADER_SEARCH_PATHS = /usr/local/include;
				LIBRARY_SEARCH_PATHS = (
					"$(inherited)",
					../../OpenGLStuff/glmc,
					/usr/local/Cellar/glfw/3.2.1/lib,
				);
				PRODUCT_NAME = "$(TARGET_NAME)";
			};
			name = Release;
		};
/* End XCBuildConfiguration section */

/* Begin XCConfigurationList section */
		52663FEE21A52D39006812F0 /* Build configuration list for PBXProject "GLtut5" */ = {
			isa = XCConfigurationList;
			buildConfigurations = (
				52663FF821A52D39006812F0 /* Debug */,
				52663FF921A52D39006812F0 /* Release */,
			);
			defaultConfigurationIsVisible = 0;
			defaultConfigurationName = Release;
		};
		52663FFA21A52D39006812F0 /* Build configuration list for PBXNativeTarget "GLtut5" */ = {
			isa = XCConfigurationList;
			buildConfigurations = (
				52663FFB21A52D39006812F0 /* Debug */,
				52663FFC21A52D39006812F0 /* Release */,
			);
			defaultConfigurationIsVisible = 0;
			defaultConfigurationName = Release;
		};
/* End XCConfigurationList section */
	};
	rootObject = 52663FEB21A52D39006812F0 /* Project object */;
}
